{
  "name": "poetry-phylogeny",
  "lockfileVersion": 3,
  "requires": true,
  "packages": {
    "": {
      "dependencies": {
        "@fontsource/lora": "^5.2.8",
        "@fontsource/ma-shan-zheng": "^5.2.9",
        "@fontsource/noto-serif-sc": "^5.2.9"
      }
    },
    "node_modules/@fontsource/lora": {
      "version": "5.2.8",
      "resolved": "https://registry.npmjs.org/@fontsource/lora/-/lora-5.2.8.tgz",
      "integrity": "sha512-AQlfsHw4TP1x/eb2IZ6VjQ70ctKa39m9JN9A4zlvDOeKYLrCs+GaYIEQ86Y6YfSPGHn01bErXkRcyktOW0LOPQ==",
      "license": "OFL-1.1",
      "funding": {
        "url": "https://github.com/sponsors/ayuhito"
      }
    },
    "node_modules/@fontsource/ma-shan-zheng": {
      "version": "5.2.9",
      "resolved": "https://registry.npmjs.org/@fontsource/ma-shan-zheng/-/ma-shan-zheng-5.2.9.tgz",
      "integrity": "sha512-5Pvpb5q6sq00/g+yLLE8iYWcsAqnoIqCloBsjN0bphkGWU3Wp3EfT0CgTsKOiLsPM8GN3AUP0ZaFM2/JR33C/g==",
      "license": "OFL-1.1",
      "funding": {
        "url": "https://github.com/sponsors/ayuhito"
      }
    },
    "node_modules/@fontsource/noto-serif-sc": {
      "version": "5.2.9",
      "resolved": "https://registry.npmjs.org/@fontsource/noto-serif-sc/-/noto-serif-sc-5.2.9.tgz",
      "integrity": "sha512-+wosdNmyrtRjnqJ/4A6i99jApm6ye34n8Nh7jUO3P/+6Hd1ZBY1gB9yGaI5jVxb56RS1lM2kTc0DzX1ifRO2MA==",
      "license": "OFL-1.1",
      "funding": {
        "url": "https://github.com/sponsors/ayuhito"
      }
    }
  }
}
